PATH
  remote: .
  specs:
    src_langgraph_rb (0.1.0)
      langgraph_rb (~> 0.1.11)
      logger
      nats-pure (~> 2.5)

GEM
  remote: https://rubygems.org/
  specs:
    base64 (0.3.0)
    concurrent-ruby (1.3.6)
    json (2.19.1)
    langgraph_rb (0.1.11)
      json (~> 2.0)
    logger (1.7.0)
    nats-pure (2.5.0)
      base64
      concurrent-ruby (~> 1.0)
      json
      securerandom
      uri
    securerandom (0.4.1)
    uri (1.1.1)

PLATFORMS
  ruby
  x86_64-linux

DEPENDENCIES
  src_langgraph_rb!

BUNDLED WITH
   2.6.7
